// !$*UTF8*$!
{
	archiveVersion = 1;
	classes = {
	};
	objectVersion = 55;
	objects = {

/* Begin PBXBuildFile section */
		9B00B7C9288A34B90068B535 /* GroupListViewModel.swift in Sources */ = {isa = PBXBuildFile; fileRef = 9B00B7C8288A34B90068B535 /* GroupListViewModel.swift */; };
		9B126CBF2887BA6500733C2F /* GroupInfo.swift in Sources */ = {isa = PBXBuildFile; fileRef = 9B126CBE2887BA6500733C2F /* GroupInfo.swift */; };
		9B126CC72887CC4900733C2F /* Alamofire in Frameworks */ = {isa = PBXBuildFile; productRef = 9B126CC62887CC4900733C2F /* Alamofire */; };
		9B126CC92887CCF600733C2F /* SemonemoAPI.swift in Sources */ = {isa = PBXBuildFile; fileRef = 9B126CC82887CCF600733C2F /* SemonemoAPI.swift */; };
		9B6C5AAA2889AA710019DB7B /* RxDataSources in Frameworks */ = {isa = PBXBuildFile; productRef = 9B6C5AA92889AA710019DB7B /* RxDataSources */; };
		9B9098752887F2E100C91337 /* SnapKit in Frameworks */ = {isa = PBXBuildFile; productRef = 9B9098742887F2E100C91337 /* SnapKit */; };
		9BF3006B287FFF5C00B8B431 /* AppDelegate.swift in Sources */ = {isa = PBXBuildFile; fileRef = 9BF3006A287FFF5C00B8B431 /* AppDelegate.swift */; };
		9BF3006D287FFF5C00B8B431 /* SceneDelegate.swift in Sources */ = {isa = PBXBuildFile; fileRef = 9BF3006C287FFF5C00B8B431 /* SceneDelegate.swift */; };
		9BF3006F287FFF5C00B8B431 /* GroupListViewController.swift in Sources */ = {isa = PBXBuildFile; fileRef = 9BF3006E287FFF5C00B8B431 /* GroupListViewController.swift */; };
		9BF30074287FFF5D00B8B431 /* Assets.xcassets in Resources */ = {isa = PBXBuildFile; fileRef = 9BF30073287FFF5D00B8B431 /* Assets.xcassets */; };
		9BF30077287FFF5D00B8B431 /* LaunchScreen.storyboard in Resources */ = {isa = PBXBuildFile; fileRef = 9BF30075287FFF5D00B8B431 /* LaunchScreen.storyboard */; };
		9BF30081288001CA00B8B431 /* RxCocoa in Frameworks */ = {isa = PBXBuildFile; productRef = 9BF30080288001CA00B8B431 /* RxCocoa */; };
		9BF30083288001CA00B8B431 /* RxRelay in Frameworks */ = {isa = PBXBuildFile; productRef = 9BF30082288001CA00B8B431 /* RxRelay */; };
		9BF30085288001CA00B8B431 /* RxSwift in Frameworks */ = {isa = PBXBuildFile; productRef = 9BF30084288001CA00B8B431 /* RxSwift */; };
		9BF3008A288002BD00B8B431 /* .swiftlint.yml in Resources */ = {isa = PBXBuildFile; fileRef = 9BF30089288002BD00B8B431 /* .swiftlint.yml */; };
		DE6B4D7A2883905000F2B031 /* TabBarController.swift in Sources */ = {isa = PBXBuildFile; fileRef = DE6B4D792883905000F2B031 /* TabBarController.swift */; };
		DED0898F28827319003E46E7 /* AppCoordinator.swift in Sources */ = {isa = PBXBuildFile; fileRef = DED0898E28827319003E46E7 /* AppCoordinator.swift */; };
		DED08992288273D8003E46E7 /* CoordinatorDescribing.swift in Sources */ = {isa = PBXBuildFile; fileRef = DED08991288273D8003E46E7 /* CoordinatorDescribing.swift */; };
		DED0899528827F87003E46E7 /* TabBarCoordinator.swift in Sources */ = {isa = PBXBuildFile; fileRef = DED0899428827F87003E46E7 /* TabBarCoordinator.swift */; };
		DED0899A288298AA003E46E7 /* GroupListCoordinator.swift in Sources */ = {isa = PBXBuildFile; fileRef = DED08999288298AA003E46E7 /* GroupListCoordinator.swift */; };
		DED0899C28829963003E46E7 /* GeneratingGroupCoordinator.swift in Sources */ = {isa = PBXBuildFile; fileRef = DED0899B28829963003E46E7 /* GeneratingGroupCoordinator.swift */; };
		DED0899E2882996D003E46E7 /* RewardCoordinator.swift in Sources */ = {isa = PBXBuildFile; fileRef = DED0899D2882996D003E46E7 /* RewardCoordinator.swift */; };
		DED089A228829A86003E46E7 /* GeneratingGroupViewController.swift in Sources */ = {isa = PBXBuildFile; fileRef = DED089A128829A86003E46E7 /* GeneratingGroupViewController.swift */; };
		DED089A428829ABB003E46E7 /* RewardViewController.swift in Sources */ = {isa = PBXBuildFile; fileRef = DED089A328829ABB003E46E7 /* RewardViewController.swift */; };
/* End PBXBuildFile section */

/* Begin PBXFileReference section */
		9B00B7C8288A34B90068B535 /* GroupListViewModel.swift */ = {isa = PBXFileReference; lastKnownFileType = sourcecode.swift; path = GroupListViewModel.swift; sourceTree = "<group>"; };
		9B126CBE2887BA6500733C2F /* GroupInfo.swift */ = {isa = PBXFileReference; lastKnownFileType = sourcecode.swift; path = GroupInfo.swift; sourceTree = "<group>"; };
		9B126CC82887CCF600733C2F /* SemonemoAPI.swift */ = {isa = PBXFileReference; lastKnownFileType = sourcecode.swift; path = SemonemoAPI.swift; sourceTree = "<group>"; };
		9BF30067287FFF5C00B8B431 /* semonemo-iOS.app */ = {isa = PBXFileReference; explicitFileType = wrapper.application; includeInIndex = 0; path = "semonemo-iOS.app"; sourceTree = BUILT_PRODUCTS_DIR; };
		9BF3006A287FFF5C00B8B431 /* AppDelegate.swift */ = {isa = PBXFileReference; lastKnownFileType = sourcecode.swift; path = AppDelegate.swift; sourceTree = "<group>"; };
		9BF3006C287FFF5C00B8B431 /* SceneDelegate.swift */ = {isa = PBXFileReference; lastKnownFileType = sourcecode.swift; path = SceneDelegate.swift; sourceTree = "<group>"; };
		9BF3006E287FFF5C00B8B431 /* GroupListViewController.swift */ = {isa = PBXFileReference; lastKnownFileType = sourcecode.swift; path = GroupListViewController.swift; sourceTree = "<group>"; };
		9BF30073287FFF5D00B8B431 /* Assets.xcassets */ = {isa = PBXFileReference; lastKnownFileType = folder.assetcatalog; path = Assets.xcassets; sourceTree = "<group>"; };
		9BF30076287FFF5D00B8B431 /* Base */ = {isa = PBXFileReference; lastKnownFileType = file.storyboard; name = Base; path = Base.lproj/LaunchScreen.storyboard; sourceTree = "<group>"; };
		9BF30078287FFF5D00B8B431 /* Info.plist */ = {isa = PBXFileReference; lastKnownFileType = text.plist.xml; path = Info.plist; sourceTree = "<group>"; };
		9BF30089288002BD00B8B431 /* .swiftlint.yml */ = {isa = PBXFileReference; lastKnownFileType = text.yaml; path = .swiftlint.yml; sourceTree = "<group>"; };
		DE6B4D792883905000F2B031 /* TabBarController.swift */ = {isa = PBXFileReference; lastKnownFileType = sourcecode.swift; path = TabBarController.swift; sourceTree = "<group>"; };
		DED0898E28827319003E46E7 /* AppCoordinator.swift */ = {isa = PBXFileReference; lastKnownFileType = sourcecode.swift; path = AppCoordinator.swift; sourceTree = "<group>"; };
		DED08991288273D8003E46E7 /* CoordinatorDescribing.swift */ = {isa = PBXFileReference; lastKnownFileType = sourcecode.swift; path = CoordinatorDescribing.swift; sourceTree = "<group>"; };
		DED0899428827F87003E46E7 /* TabBarCoordinator.swift */ = {isa = PBXFileReference; lastKnownFileType = sourcecode.swift; path = TabBarCoordinator.swift; sourceTree = "<group>"; };
		DED08999288298AA003E46E7 /* GroupListCoordinator.swift */ = {isa = PBXFileReference; lastKnownFileType = sourcecode.swift; path = GroupListCoordinator.swift; sourceTree = "<group>"; };
		DED0899B28829963003E46E7 /* GeneratingGroupCoordinator.swift */ = {isa = PBXFileReference; lastKnownFileType = sourcecode.swift; path = GeneratingGroupCoordinator.swift; sourceTree = "<group>"; };
		DED0899D2882996D003E46E7 /* RewardCoordinator.swift */ = {isa = PBXFileReference; lastKnownFileType = sourcecode.swift; path = RewardCoordinator.swift; sourceTree = "<group>"; };
		DED089A128829A86003E46E7 /* GeneratingGroupViewController.swift */ = {isa = PBXFileReference; lastKnownFileType = sourcecode.swift; path = GeneratingGroupViewController.swift; sourceTree = "<group>"; };
		DED089A328829ABB003E46E7 /* RewardViewController.swift */ = {isa = PBXFileReference; lastKnownFileType = sourcecode.swift; path = RewardViewController.swift; sourceTree = "<group>"; };
/* End PBXFileReference section */

/* Begin PBXFrameworksBuildPhase section */
		9BF30064287FFF5C00B8B431 /* Frameworks */ = {
			isa = PBXFrameworksBuildPhase;
			buildActionMask = 2147483647;
			files = (
				9BF30085288001CA00B8B431 /* RxSwift in Frameworks */,
				9B126CC72887CC4900733C2F /* Alamofire in Frameworks */,
				9BF30083288001CA00B8B431 /* RxRelay in Frameworks */,
				9B6C5AAA2889AA710019DB7B /* RxDataSources in Frameworks */,
				9BF30081288001CA00B8B431 /* RxCocoa in Frameworks */,
				9B9098752887F2E100C91337 /* SnapKit in Frameworks */,
			);
			runOnlyForDeploymentPostprocessing = 0;
		};
/* End PBXFrameworksBuildPhase section */

/* Begin PBXGroup section */
		9B126CBD2887B9B500733C2F /* Model */ = {
			isa = PBXGroup;
			children = (
				9B126CBE2887BA6500733C2F /* GroupInfo.swift */,
			);
			path = Model;
			sourceTree = "<group>";
		};
		9B126CC02887BF5B00733C2F /* Utility */ = {
			isa = PBXGroup;
			children = (
				9B126CC82887CCF600733C2F /* SemonemoAPI.swift */,
			);
			path = Utility;
			sourceTree = "<group>";
		};
		9BF3005E287FFF5C00B8B431 = {
			isa = PBXGroup;
			children = (
				9BF30069287FFF5C00B8B431 /* semonemo-iOS */,
				9BF30068287FFF5C00B8B431 /* Products */,
			);
			sourceTree = "<group>";
		};
		9BF30068287FFF5C00B8B431 /* Products */ = {
			isa = PBXGroup;
			children = (
				9BF30067287FFF5C00B8B431 /* semonemo-iOS.app */,
			);
			name = Products;
			sourceTree = "<group>";
		};
		9BF30069287FFF5C00B8B431 /* semonemo-iOS */ = {
			isa = PBXGroup;
			children = (
				9BF300862880022900B8B431 /* Entry */,
				9B126CBD2887B9B500733C2F /* Model */,
				9B126CC02887BF5B00733C2F /* Utility */,
				9BF300872880023000B8B431 /* Scene */,
				DED0899028827381003E46E7 /* Protocol */,
				9BF3007E2880014D00B8B431 /* SupportFile */,
			);
			path = "semonemo-iOS";
			sourceTree = "<group>";
		};
		9BF3007E2880014D00B8B431 /* SupportFile */ = {
			isa = PBXGroup;
			children = (
				9BF30089288002BD00B8B431 /* .swiftlint.yml */,
				9BF30073287FFF5D00B8B431 /* Assets.xcassets */,
				9BF30075287FFF5D00B8B431 /* LaunchScreen.storyboard */,
				9BF30078287FFF5D00B8B431 /* Info.plist */,
			);
			path = SupportFile;
			sourceTree = "<group>";
		};
		9BF300862880022900B8B431 /* Entry */ = {
			isa = PBXGroup;
			children = (
				9BF3006A287FFF5C00B8B431 /* AppDelegate.swift */,
				9BF3006C287FFF5C00B8B431 /* SceneDelegate.swift */,
			);
			path = Entry;
			sourceTree = "<group>";
		};
		9BF300872880023000B8B431 /* Scene */ = {
			isa = PBXGroup;
			children = (
				DED0898E28827319003E46E7 /* AppCoordinator.swift */,
				DED0898D288272E0003E46E7 /* TabBar */,
			);
			path = Scene;
			sourceTree = "<group>";
		};
		DE6B4D782883902500F2B031 /* View */ = {
			isa = PBXGroup;
			children = (
				DE6B4D792883905000F2B031 /* TabBarController.swift */,
			);
			path = View;
			sourceTree = "<group>";
		};
		DED0898D288272E0003E46E7 /* TabBar */ = {
			isa = PBXGroup;
			children = (
				DED0899428827F87003E46E7 /* TabBarCoordinator.swift */,
				DE6B4D782883902500F2B031 /* View */,
				DED089962882984E003E46E7 /* GroupList */,
				DED0899728829864003E46E7 /* GeneratingGroup */,
				DED089982882988E003E46E7 /* Reward */,
			);
			path = TabBar;
			sourceTree = "<group>";
		};
		DED0899028827381003E46E7 /* Protocol */ = {
			isa = PBXGroup;
			children = (
				DED08991288273D8003E46E7 /* CoordinatorDescribing.swift */,
			);
			path = Protocol;
			sourceTree = "<group>";
		};
		DED0899328827DA0003E46E7 /* View */ = {
			isa = PBXGroup;
			children = (
				9BF3006E287FFF5C00B8B431 /* GroupListViewController.swift */,
				9B00B7C8288A34B90068B535 /* GroupListViewModel.swift */,
			);
			path = View;
			sourceTree = "<group>";
		};
		DED089962882984E003E46E7 /* GroupList */ = {
			isa = PBXGroup;
			children = (
				DED08999288298AA003E46E7 /* GroupListCoordinator.swift */,
				DED0899328827DA0003E46E7 /* View */,
			);
			path = GroupList;
			sourceTree = "<group>";
		};
		DED0899728829864003E46E7 /* GeneratingGroup */ = {
			isa = PBXGroup;
			children = (
				DED0899B28829963003E46E7 /* GeneratingGroupCoordinator.swift */,
				DED0899F28829A0C003E46E7 /* View */,
			);
			path = GeneratingGroup;
			sourceTree = "<group>";
		};
		DED089982882988E003E46E7 /* Reward */ = {
			isa = PBXGroup;
			children = (
				DED0899D2882996D003E46E7 /* RewardCoordinator.swift */,
				DED089A028829A22003E46E7 /* View */,
			);
			path = Reward;
			sourceTree = "<group>";
		};
		DED0899F28829A0C003E46E7 /* View */ = {
			isa = PBXGroup;
			children = (
				DED089A128829A86003E46E7 /* GeneratingGroupViewController.swift */,
			);
			path = View;
			sourceTree = "<group>";
		};
		DED089A028829A22003E46E7 /* View */ = {
			isa = PBXGroup;
			children = (
				DED089A328829ABB003E46E7 /* RewardViewController.swift */,
			);
			path = View;
			sourceTree = "<group>";
		};
/* End PBXGroup section */

/* Begin PBXNativeTarget section */
		9BF30066287FFF5C00B8B431 /* semonemo-iOS */ = {
			isa = PBXNativeTarget;
			buildConfigurationList = 9BF3007B287FFF5D00B8B431 /* Build configuration list for PBXNativeTarget "semonemo-iOS" */;
			buildPhases = (
				9BF300882880026400B8B431 /* SwiftLint Script */,
				9BF30063287FFF5C00B8B431 /* Sources */,
				9BF30064287FFF5C00B8B431 /* Frameworks */,
				9BF30065287FFF5C00B8B431 /* Resources */,
			);
			buildRules = (
			);
			dependencies = (
			);
			name = "semonemo-iOS";
			packageProductDependencies = (
				9BF30080288001CA00B8B431 /* RxCocoa */,
				9BF30082288001CA00B8B431 /* RxRelay */,
				9BF30084288001CA00B8B431 /* RxSwift */,
				9B126CC62887CC4900733C2F /* Alamofire */,
				9B9098742887F2E100C91337 /* SnapKit */,
				9B6C5AA92889AA710019DB7B /* RxDataSources */,
			);
			productName = "semonemo-iOS";
			productReference = 9BF30067287FFF5C00B8B431 /* semonemo-iOS.app */;
			productType = "com.apple.product-type.application";
		};
/* End PBXNativeTarget section */

/* Begin PBXProject section */
		9BF3005F287FFF5C00B8B431 /* Project object */ = {
			isa = PBXProject;
			attributes = {
				BuildIndependentTargetsInParallel = 1;
				LastSwiftUpdateCheck = 1330;
				LastUpgradeCheck = 1330;
				TargetAttributes = {
					9BF30066287FFF5C00B8B431 = {
						CreatedOnToolsVersion = 13.3;
					};
				};
			};
			buildConfigurationList = 9BF30062287FFF5C00B8B431 /* Build configuration list for PBXProject "semonemo-iOS" */;
			compatibilityVersion = "Xcode 13.0";
			developmentRegion = en;
			hasScannedForEncodings = 0;
			knownRegions = (
				en,
				Base,
			);
			mainGroup = 9BF3005E287FFF5C00B8B431;
			packageReferences = (
				9BF3007F288001CA00B8B431 /* XCRemoteSwiftPackageReference "RxSwift" */,
				9B126CC52887CC4900733C2F /* XCRemoteSwiftPackageReference "Alamofire" */,
				9B9098732887F2E100C91337 /* XCRemoteSwiftPackageReference "SnapKit" */,
				9B6C5AA82889AA710019DB7B /* XCRemoteSwiftPackageReference "RxDataSources" */,
			);
			productRefGroup = 9BF30068287FFF5C00B8B431 /* Products */;
			projectDirPath = "";
			projectRoot = "";
			targets = (
				9BF30066287FFF5C00B8B431 /* semonemo-iOS */,
			);
		};
/* End PBXProject section */

/* Begin PBXResourcesBuildPhase section */
		9BF30065287FFF5C00B8B431 /* Resources */ = {
			isa = PBXResourcesBuildPhase;
			buildActionMask = 2147483647;
			files = (
				9BF3008A288002BD00B8B431 /* .swiftlint.yml in Resources */,
				9BF30077287FFF5D00B8B431 /* LaunchScreen.storyboard in Resources */,
				9BF30074287FFF5D00B8B431 /* Assets.xcassets in Resources */,
			);
			runOnlyForDeploymentPostprocessing = 0;
		};
/* End PBXResourcesBuildPhase section */

/* Begin PBXShellScriptBuildPhase section */
		9BF300882880026400B8B431 /* SwiftLint Script */ = {
			isa = PBXShellScriptBuildPhase;
			buildActionMask = 2147483647;
			files = (
			);
			inputFileListPaths = (
			);
			inputPaths = (
			);
			name = "SwiftLint Script";
			outputFileListPaths = (
			);
			outputPaths = (
			);
			runOnlyForDeploymentPostprocessing = 0;
			shellPath = /bin/sh;
			shellScript = "if which swiftlint >/dev/null; then\n  swiftlint\nelse\n  echo \"warning: SwiftLint not installed, download from https://github.com/realm/SwiftLint\"\nfi\n";
		};
/* End PBXShellScriptBuildPhase section */

/* Begin PBXSourcesBuildPhase section */
		9BF30063287FFF5C00B8B431 /* Sources */ = {
			isa = PBXSourcesBuildPhase;
			buildActionMask = 2147483647;
			files = (
				DED089A428829ABB003E46E7 /* RewardViewController.swift in Sources */,
				DED089A228829A86003E46E7 /* GeneratingGroupViewController.swift in Sources */,
				DED0899C28829963003E46E7 /* GeneratingGroupCoordinator.swift in Sources */,
				9B00B7C9288A34B90068B535 /* GroupListViewModel.swift in Sources */,
				DED08992288273D8003E46E7 /* CoordinatorDescribing.swift in Sources */,
				DED0898F28827319003E46E7 /* AppCoordinator.swift in Sources */,
				9B126CBF2887BA6500733C2F /* GroupInfo.swift in Sources */,
				9BF3006F287FFF5C00B8B431 /* GroupListViewController.swift in Sources */,
				DED0899528827F87003E46E7 /* TabBarCoordinator.swift in Sources */,
				DED0899E2882996D003E46E7 /* RewardCoordinator.swift in Sources */,
				9B126CC92887CCF600733C2F /* SemonemoAPI.swift in Sources */,
				DED0899A288298AA003E46E7 /* GroupListCoordinator.swift in Sources */,
				DE6B4D7A2883905000F2B031 /* TabBarController.swift in Sources */,
				9BF3006B287FFF5C00B8B431 /* AppDelegate.swift in Sources */,
				9BF3006D287FFF5C00B8B431 /* SceneDelegate.swift in Sources */,
			);
			runOnlyForDeploymentPostprocessing = 0;
		};
/* End PBXSourcesBuildPhase section */

/* Begin PBXVariantGroup section */
		9BF30075287FFF5D00B8B431 /* LaunchScreen.storyboard */ = {
			isa = PBXVariantGroup;
			children = (
				9BF30076287FFF5D00B8B431 /* Base */,
			);
			name = LaunchScreen.storyboard;
			sourceTree = "<group>";
		};
/* End PBXVariantGroup section */

/* Begin XCBuildConfiguration section */
		9BF30079287FFF5D00B8B431 /* Debug */ = {
			isa = XCBuildConfiguration;
			buildSettings = {
				ALWAYS_SEARCH_USER_PATHS = NO;
				CLANG_ANALYZER_NONNULL = YES;
				CLANG_ANALYZER_NUMBER_OBJECT_CONVERSION = YES_AGGRESSIVE;
				CLANG_CXX_LANGUAGE_STANDARD = "gnu++17";
				CLANG_ENABLE_MODULES = YES;
				CLANG_ENABLE_OBJC_ARC = YES;
				CLANG_ENABLE_OBJC_WEAK = YES;
				CLANG_WARN_BLOCK_CAPTURE_AUTORELEASING = YES;
				CLANG_WARN_BOOL_CONVERSION = YES;
				CLANG_WARN_COMMA = YES;
				CLANG_WARN_CONSTANT_CONVERSION = YES;
				CLANG_WARN_DEPRECATED_OBJC_IMPLEMENTATIONS = YES;
				CLANG_WARN_DIRECT_OBJC_ISA_USAGE = YES_ERROR;
				CLANG_WARN_DOCUMENTATION_COMMENTS = YES;
				CLANG_WARN_EMPTY_BODY = YES;
				CLANG_WARN_ENUM_CONVERSION = YES;
				CLANG_WARN_INFINITE_RECURSION = YES;
				CLANG_WARN_INT_CONVERSION = YES;
				CLANG_WARN_NON_LITERAL_NULL_CONVERSION = YES;
				CLANG_WARN_OBJC_IMPLICIT_RETAIN_SELF = YES;
				CLANG_WARN_OBJC_LITERAL_CONVERSION = YES;
				CLANG_WARN_OBJC_ROOT_CLASS = YES_ERROR;
				CLANG_WARN_QUOTED_INCLUDE_IN_FRAMEWORK_HEADER = YES;
				CLANG_WARN_RANGE_LOOP_ANALYSIS = YES;
				CLANG_WARN_STRICT_PROTOTYPES = YES;
				CLANG_WARN_SUSPICIOUS_MOVE = YES;
				CLANG_WARN_UNGUARDED_AVAILABILITY = YES_AGGRESSIVE;
				CLANG_WARN_UNREACHABLE_CODE = YES;
				CLANG_WARN__DUPLICATE_METHOD_MATCH = YES;
				COPY_PHASE_STRIP = NO;
				DEBUG_INFORMATION_FORMAT = dwarf;
				ENABLE_STRICT_OBJC_MSGSEND = YES;
				ENABLE_TESTABILITY = YES;
				GCC_C_LANGUAGE_STANDARD = gnu11;
				GCC_DYNAMIC_NO_PIC = NO;
				GCC_NO_COMMON_BLOCKS = YES;
				GCC_OPTIMIZATION_LEVEL = 0;
				GCC_PREPROCESSOR_DEFINITIONS = (
					"DEBUG=1",
					"$(inherited)",
				);
				GCC_WARN_64_TO_32_BIT_CONVERSION = YES;
				GCC_WARN_ABOUT_RETURN_TYPE = YES_ERROR;
				GCC_WARN_UNDECLARED_SELECTOR = YES;
				GCC_WARN_UNINITIALIZED_AUTOS = YES_AGGRESSIVE;
				GCC_WARN_UNUSED_FUNCTION = YES;
				GCC_WARN_UNUSED_VARIABLE = YES;
				IPHONEOS_DEPLOYMENT_TARGET = 15.4;
				MTL_ENABLE_DEBUG_INFO = INCLUDE_SOURCE;
				MTL_FAST_MATH = YES;
				ONLY_ACTIVE_ARCH = YES;
				SDKROOT = iphoneos;
				SWIFT_ACTIVE_COMPILATION_CONDITIONS = DEBUG;
				SWIFT_OPTIMIZATION_LEVEL = "-Onone";
			};
			name = Debug;
		};
		9BF3007A287FFF5D00B8B431 /* Release */ = {
			isa = XCBuildConfiguration;
			buildSettings = {
				ALWAYS_SEARCH_USER_PATHS = NO;
				CLANG_ANALYZER_NONNULL = YES;
				CLANG_ANALYZER_NUMBER_OBJECT_CONVERSION = YES_AGGRESSIVE;
				CLANG_CXX_LANGUAGE_STANDARD = "gnu++17";
				CLANG_ENABLE_MODULES = YES;
				CLANG_ENABLE_OBJC_ARC = YES;
				CLANG_ENABLE_OBJC_WEAK = YES;
				CLANG_WARN_BLOCK_CAPTURE_AUTORELEASING = YES;
				CLANG_WARN_BOOL_CONVERSION = YES;
				CLANG_WARN_COMMA = YES;
				CLANG_WARN_CONSTANT_CONVERSION = YES;
				CLANG_WARN_DEPRECATED_OBJC_IMPLEMENTATIONS = YES;
				CLANG_WARN_DIRECT_OBJC_ISA_USAGE = YES_ERROR;
				CLANG_WARN_DOCUMENTATION_COMMENTS = YES;
				CLANG_WARN_EMPTY_BODY = YES;
				CLANG_WARN_ENUM_CONVERSION = YES;
				CLANG_WARN_INFINITE_RECURSION = YES;
				CLANG_WARN_INT_CONVERSION = YES;
				CLANG_WARN_NON_LITERAL_NULL_CONVERSION = YES;
				CLANG_WARN_OBJC_IMPLICIT_RETAIN_SELF = YES;
				CLANG_WARN_OBJC_LITERAL_CONVERSION = YES;
				CLANG_WARN_OBJC_ROOT_CLASS = YES_ERROR;
				CLANG_WARN_QUOTED_INCLUDE_IN_FRAMEWORK_HEADER = YES;
				CLANG_WARN_RANGE_LOOP_ANALYSIS = YES;
				CLANG_WARN_STRICT_PROTOTYPES = YES;
				CLANG_WARN_SUSPICIOUS_MOVE = YES;
				CLANG_WARN_UNGUARDED_AVAILABILITY = YES_AGGRESSIVE;
				CLANG_WARN_UNREACHABLE_CODE = YES;
				CLANG_WARN__DUPLICATE_METHOD_MATCH = YES;
				COPY_PHASE_STRIP = NO;
				DEBUG_INFORMATION_FORMAT = "dwarf-with-dsym";
				ENABLE_NS_ASSERTIONS = NO;
				ENABLE_STRICT_OBJC_MSGSEND = YES;
				GCC_C_LANGUAGE_STANDARD = gnu11;
				GCC_NO_COMMON_BLOCKS = YES;
				GCC_WARN_64_TO_32_BIT_CONVERSION = YES;
				GCC_WARN_ABOUT_RETURN_TYPE = YES_ERROR;
				GCC_WARN_UNDECLARED_SELECTOR = YES;
				GCC_WARN_UNINITIALIZED_AUTOS = YES_AGGRESSIVE;
				GCC_WARN_UNUSED_FUNCTION = YES;
				GCC_WARN_UNUSED_VARIABLE = YES;
				IPHONEOS_DEPLOYMENT_TARGET = 15.4;
				MTL_ENABLE_DEBUG_INFO = NO;
				MTL_FAST_MATH = YES;
				SDKROOT = iphoneos;
				SWIFT_COMPILATION_MODE = wholemodule;
				SWIFT_OPTIMIZATION_LEVEL = "-O";
				VALIDATE_PRODUCT = YES;
			};
			name = Release;
		};
		9BF3007C287FFF5D00B8B431 /* Debug */ = {
			isa = XCBuildConfiguration;
			buildSettings = {
				ASSETCATALOG_COMPILER_APPICON_NAME = AppIcon;
				ASSETCATALOG_COMPILER_GLOBAL_ACCENT_COLOR_NAME = AccentColor;
				CODE_SIGN_STYLE = Automatic;
				CURRENT_PROJECT_VERSION = 1;
				DEVELOPMENT_TEAM = RUFP7D8BXB;
				GENERATE_INFOPLIST_FILE = YES;
				INFOPLIST_FILE = "semonemo-iOS/SupportFile/Info.plist";
				INFOPLIST_KEY_UIApplicationSupportsIndirectInputEvents = YES;
				INFOPLIST_KEY_UILaunchStoryboardName = LaunchScreen;
				INFOPLIST_KEY_UIMainStoryboardFile = "";
				INFOPLIST_KEY_UISupportedInterfaceOrientations_iPad = "UIInterfaceOrientationPortrait UIInterfaceOrientationPortraitUpsideDown UIInterfaceOrientationLandscapeLeft UIInterfaceOrientationLandscapeRight";
				INFOPLIST_KEY_UISupportedInterfaceOrientations_iPhone = "UIInterfaceOrientationPortrait UIInterfaceOrientationLandscapeLeft UIInterfaceOrientationLandscapeRight";
				IPHONEOS_DEPLOYMENT_TARGET = 14.0;
				LD_RUNPATH_SEARCH_PATHS = (
					"$(inherited)",
					"@executable_path/Frameworks",
				);
				MARKETING_VERSION = 1.0;
				PRODUCT_BUNDLE_IDENTIFIER = "net.ellen.semonemo-iOS";
				PRODUCT_NAME = "$(TARGET_NAME)";
				SWIFT_EMIT_LOC_STRINGS = YES;
				SWIFT_VERSION = 5.0;
				TARGETED_DEVICE_FAMILY = 1;
			};
			name = Debug;
		};
		9BF3007D287FFF5D00B8B431 /* Release */ = {
			isa = XCBuildConfiguration;
			buildSettings = {
				ASSETCATALOG_COMPILER_APPICON_NAME = AppIcon;
				ASSETCATALOG_COMPILER_GLOBAL_ACCENT_COLOR_NAME = AccentColor;
				CODE_SIGN_STYLE = Automatic;
				CURRENT_PROJECT_VERSION = 1;
				DEVELOPMENT_TEAM = RUFP7D8BXB;
				GENERATE_INFOPLIST_FILE = YES;
				INFOPLIST_FILE = "semonemo-iOS/SupportFile/Info.plist";
				INFOPLIST_KEY_UIApplicationSupportsIndirectInputEvents = YES;
				INFOPLIST_KEY_UILaunchStoryboardName = LaunchScreen;
				INFOPLIST_KEY_UIMainStoryboardFile = "";
				INFOPLIST_KEY_UISupportedInterfaceOrientations_iPad = "UIInterfaceOrientationPortrait UIInterfaceOrientationPortraitUpsideDown UIInterfaceOrientationLandscapeLeft UIInterfaceOrientationLandscapeRight";
				INFOPLIST_KEY_UISupportedInterfaceOrientations_iPhone = "UIInterfaceOrientationPortrait UIInterfaceOrientationLandscapeLeft UIInterfaceOrientationLandscapeRight";
				IPHONEOS_DEPLOYMENT_TARGET = 14.0;
				LD_RUNPATH_SEARCH_PATHS = (
					"$(inherited)",
					"@executable_path/Frameworks",
				);
				MARKETING_VERSION = 1.0;
				PRODUCT_BUNDLE_IDENTIFIER = "net.ellen.semonemo-iOS";
				PRODUCT_NAME = "$(TARGET_NAME)";
				SWIFT_EMIT_LOC_STRINGS = YES;
				SWIFT_VERSION = 5.0;
				TARGETED_DEVICE_FAMILY = 1;
			};
			name = Release;
		};
/* End XCBuildConfiguration section */

/* Begin XCConfigurationList section */
		9BF30062287FFF5C00B8B431 /* Build configuration list for PBXProject "semonemo-iOS" */ = {
			isa = XCConfigurationList;
			buildConfigurations = (
				9BF30079287FFF5D00B8B431 /* Debug */,
				9BF3007A287FFF5D00B8B431 /* Release */,
			);
			defaultConfigurationIsVisible = 0;
			defaultConfigurationName = Release;
		};
		9BF3007B287FFF5D00B8B431 /* Build configuration list for PBXNativeTarget "semonemo-iOS" */ = {
			isa = XCConfigurationList;
			buildConfigurations = (
				9BF3007C287FFF5D00B8B431 /* Debug */,
				9BF3007D287FFF5D00B8B431 /* Release */,
			);
			defaultConfigurationIsVisible = 0;
			defaultConfigurationName = Release;
		};
/* End XCConfigurationList section */

/* Begin XCRemoteSwiftPackageReference section */
		9B126CC52887CC4900733C2F /* XCRemoteSwiftPackageReference "Alamofire" */ = {
			isa = XCRemoteSwiftPackageReference;
			repositoryURL = "https://github.com/Alamofire/Alamofire";
			requirement = {
				kind = upToNextMajorVersion;
				minimumVersion = 5.0.0;
			};
		};
		9B6C5AA82889AA710019DB7B /* XCRemoteSwiftPackageReference "RxDataSources" */ = {
			isa = XCRemoteSwiftPackageReference;
			repositoryURL = "https://github.com/RxSwiftCommunity/RxDataSources.git";
			requirement = {
				kind = upToNextMajorVersion;
				minimumVersion = 5.0.0;
			};
		};
		9B9098732887F2E100C91337 /* XCRemoteSwiftPackageReference "SnapKit" */ = {
			isa = XCRemoteSwiftPackageReference;
			repositoryURL = "https://github.com/SnapKit/SnapKit";
			requirement = {
				kind = upToNextMajorVersion;
				minimumVersion = 5.0.0;
			};
		};
		9BF3007F288001CA00B8B431 /* XCRemoteSwiftPackageReference "RxSwift" */ = {
			isa = XCRemoteSwiftPackageReference;
			repositoryURL = "https://github.com/ReactiveX/RxSwift";
			requirement = {
				kind = upToNextMajorVersion;
				minimumVersion = 6.0.0;
			};
		};
/* End XCRemoteSwiftPackageReference section */

/* Begin XCSwiftPackageProductDependency section */
		9B126CC62887CC4900733C2F /* Alamofire */ = {
			isa = XCSwiftPackageProductDependency;
			package = 9B126CC52887CC4900733C2F /* XCRemoteSwiftPackageReference "Alamofire" */;
			productName = Alamofire;
		};
		9B6C5AA92889AA710019DB7B /* RxDataSources */ = {
			isa = XCSwiftPackageProductDependency;
			package = 9B6C5AA82889AA710019DB7B /* XCRemoteSwiftPackageReference "RxDataSources" */;
			productName = RxDataSources;
		};
		9B9098742887F2E100C91337 /* SnapKit */ = {
			isa = XCSwiftPackageProductDependency;
			package = 9B9098732887F2E100C91337 /* XCRemoteSwiftPackageReference "SnapKit" */;
			productName = SnapKit;
		};
		9BF30080288001CA00B8B431 /* RxCocoa */ = {
			isa = XCSwiftPackageProductDependency;
			package = 9BF3007F288001CA00B8B431 /* XCRemoteSwiftPackageReference "RxSwift" */;
			productName = RxCocoa;
		};
		9BF30082288001CA00B8B431 /* RxRelay */ = {
			isa = XCSwiftPackageProductDependency;
			package = 9BF3007F288001CA00B8B431 /* XCRemoteSwiftPackageReference "RxSwift" */;
			productName = RxRelay;
		};
		9BF30084288001CA00B8B431 /* RxSwift */ = {
			isa = XCSwiftPackageProductDependency;
			package = 9BF3007F288001CA00B8B431 /* XCRemoteSwiftPackageReference "RxSwift" */;
			productName = RxSwift;
		};
/* End XCSwiftPackageProductDependency section */
	};
	rootObject = 9BF3005F287FFF5C00B8B431 /* Project object */;
}
